// !$*UTF8*$!
{
	archiveVersion = 1;
	classes = {
	};
	objectVersion = 46;
	objects = {

/* Begin PBXBuildFile section */
		9DF42ACC1EC6D3480089A650 /* AppDelegate.swift in Sources */ = {isa = PBXBuildFile; fileRef = 9DF42ACB1EC6D3480089A650 /* AppDelegate.swift */; };
		9DF42ACE1EC6D3480089A650 /* ViewController.swift in Sources */ = {isa = PBXBuildFile; fileRef = 9DF42ACD1EC6D3480089A650 /* ViewController.swift */; };
		9DF42AD11EC6D3480089A650 /* Main.storyboard in Resources */ = {isa = PBXBuildFile; fileRef = 9DF42ACF1EC6D3480089A650 /* Main.storyboard */; };
		9DF42AD31EC6D3480089A650 /* Assets.xcassets in Resources */ = {isa = PBXBuildFile; fileRef = 9DF42AD21EC6D3480089A650 /* Assets.xcassets */; };
		9DF42AD61EC6D3480089A650 /* LaunchScreen.storyboard in Resources */ = {isa = PBXBuildFile; fileRef = 9DF42AD41EC6D3480089A650 /* LaunchScreen.storyboard */; };
		9DF42AE11EC6D3480089A650 /* PickTickVts02Tests.swift in Sources */ = {isa = PBXBuildFile; fileRef = 9DF42AE01EC6D3480089A650 /* PickTickVts02Tests.swift */; };
/* End PBXBuildFile section */

/* Begin PBXContainerItemProxy section */
		9DF42ADD1EC6D3480089A650 /* PBXContainerItemProxy */ = {
			isa = PBXContainerItemProxy;
			containerPortal = 9DF42AC01EC6D3480089A650 /* Project object */;
			proxyType = 1;
			remoteGlobalIDString = 9DF42AC71EC6D3480089A650;
			remoteInfo = PickTickVts02;
		};
/* End PBXContainerItemProxy section */

/* Begin PBXFileReference section */
		9DF42AC81EC6D3480089A650 /* PickTickVts02.app */ = {isa = PBXFileReference; explicitFileType = wrapper.application; includeInIndex = 0; path = PickTickVts02.app; sourceTree = BUILT_PRODUCTS_DIR; };
		9DF42ACB1EC6D3480089A650 /* AppDelegate.swift */ = {isa = PBXFileReference; lastKnownFileType = sourcecode.swift; path = AppDelegate.swift; sourceTree = "<group>"; };
		9DF42ACD1EC6D3480089A650 /* ViewController.swift */ = {isa = PBXFileReference; lastKnownFileType = sourcecode.swift; path = ViewController.swift; sourceTree = "<group>"; };
		9DF42AD01EC6D3480089A650 /* Base */ = {isa = PBXFileReference; lastKnownFileType = file.storyboard; name = Base; path = Base.lproj/Main.storyboard; sourceTree = "<group>"; };
		9DF42AD21EC6D3480089A650 /* Assets.xcassets */ = {isa = PBXFileReference; lastKnownFileType = folder.assetcatalog; path = Assets.xcassets; sourceTree = "<group>"; };
		9DF42AD51EC6D3480089A650 /* Base */ = {isa = PBXFileReference; lastKnownFileType = file.storyboard; name = Base; path = Base.lproj/LaunchScreen.storyboard; sourceTree = "<group>"; };
		9DF42AD71EC6D3480089A650 /* Info.plist */ = {isa = PBXFileReference; lastKnownFileType = text.plist.xml; path = Info.plist; sourceTree = "<group>"; };
		9DF42ADC1EC6D3480089A650 /* PickTickVts02Tests.xctest */ = {isa = PBXFileReference; explicitFileType = wrapper.cfbundle; includeInIndex = 0; path = PickTickVts02Tests.xctest; sourceTree = BUILT_PRODUCTS_DIR; };
		9DF42AE01EC6D3480089A650 /* PickTickVts02Tests.swift */ = {isa = PBXFileReference; lastKnownFileType = sourcecode.swift; path = PickTickVts02Tests.swift; sourceTree = "<group>"; };
		9DF42AE21EC6D3480089A650 /* Info.plist */ = {isa = PBXFileReference; lastKnownFileType = text.plist.xml; path = Info.plist; sourceTree = "<group>"; };
/* End PBXFileReference section */

/* Begin PBXFrameworksBuildPhase section */
		9DF42AC51EC6D3480089A650 /* Frameworks */ = {
			isa = PBXFrameworksBuildPhase;
			buildActionMask = 2147483647;
			files = (
			);
			runOnlyForDeploymentPostprocessing = 0;
		};
		9DF42AD91EC6D3480089A650 /* Frameworks */ = {
			isa = PBXFrameworksBuildPhase;
			buildActionMask = 2147483647;
			files = (
			);
			runOnlyForDeploymentPostprocessing = 0;
		};
/* End PBXFrameworksBuildPhase section */

/* Begin PBXGroup section */
		9DF42ABF1EC6D3480089A650 = {
			isa = PBXGroup;
			children = (
				9DF42ACA1EC6D3480089A650 /* PickTickVts02 */,
				9DF42ADF1EC6D3480089A650 /* PickTickVts02Tests */,
				9DF42AC91EC6D3480089A650 /* Products */,
			);
			sourceTree = "<group>";
		};
		9DF42AC91EC6D3480089A650 /* Products */ = {
			isa = PBXGroup;
			children = (
				9DF42AC81EC6D3480089A650 /* PickTickVts02.app */,
				9DF42ADC1EC6D3480089A650 /* PickTickVts02Tests.xctest */,
			);
			name = Products;
			sourceTree = "<group>";
		};
		9DF42ACA1EC6D3480089A650 /* PickTickVts02 */ = {
			isa = PBXGroup;
			children = (
				9DF42ACB1EC6D3480089A650 /* AppDelegate.swift */,
				9DF42ACD1EC6D3480089A650 /* ViewController.swift */,
				9DF42ACF1EC6D3480089A650 /* Main.storyboard */,
				9DF42AD21EC6D3480089A650 /* Assets.xcassets */,
				9DF42AD41EC6D3480089A650 /* LaunchScreen.storyboard */,
				9DF42AD71EC6D3480089A650 /* Info.plist */,
			);
			path = PickTickVts02;
			sourceTree = "<group>";
		};
		9DF42ADF1EC6D3480089A650 /* PickTickVts02Tests */ = {
			isa = PBXGroup;
			children = (
				9DF42AE01EC6D3480089A650 /* PickTickVts02Tests.swift */,
				9DF42AE21EC6D3480089A650 /* Info.plist */,
			);
			path = PickTickVts02Tests;
			sourceTree = "<group>";
		};
/* End PBXGroup section */

/* Begin PBXNativeTarget section */
		9DF42AC71EC6D3480089A650 /* PickTickVts02 */ = {
			isa = PBXNativeTarget;
			buildConfigurationList = 9DF42AE51EC6D3480089A650 /* Build configuration list for PBXNativeTarget "PickTickVts02" */;
			buildPhases = (
				9DF42AC41EC6D3480089A650 /* Sources */,
				9DF42AC51EC6D3480089A650 /* Frameworks */,
				9DF42AC61EC6D3480089A650 /* Resources */,
			);
			buildRules = (
			);
			dependencies = (
			);
			name = PickTickVts02;
			productName = PickTickVts02;
			productReference = 9DF42AC81EC6D3480089A650 /* PickTickVts02.app */;
			productType = "com.apple.product-type.application";
		};
		9DF42ADB1EC6D3480089A650 /* PickTickVts02Tests */ = {
			isa = PBXNativeTarget;
			buildConfigurationList = 9DF42AE81EC6D3480089A650 /* Build configuration list for PBXNativeTarget "PickTickVts02Tests" */;
			buildPhases = (
				9DF42AD81EC6D3480089A650 /* Sources */,
				9DF42AD91EC6D3480089A650 /* Frameworks */,
				9DF42ADA1EC6D3480089A650 /* Resources */,
			);
			buildRules = (
			);
			dependencies = (
				9DF42ADE1EC6D3480089A650 /* PBXTargetDependency */,
			);
			name = PickTickVts02Tests;
			productName = PickTickVts02Tests;
			productReference = 9DF42ADC1EC6D3480089A650 /* PickTickVts02Tests.xctest */;
			productType = "com.apple.product-type.bundle.unit-test";
		};
/* End PBXNativeTarget section */

/* Begin PBXProject section */
		9DF42AC01EC6D3480089A650 /* Project object */ = {
			isa = PBXProject;
			attributes = {
				LastSwiftUpdateCheck = 0830;
				LastUpgradeCheck = 0830;
				ORGANIZATIONNAME = "Aman Kumar";
				TargetAttributes = {
					9DF42AC71EC6D3480089A650 = {
						CreatedOnToolsVersion = 8.3.2;
						ProvisioningStyle = Automatic;
					};
					9DF42ADB1EC6D3480089A650 = {
						CreatedOnToolsVersion = 8.3.2;
						ProvisioningStyle = Automatic;
						TestTargetID = 9DF42AC71EC6D3480089A650;
					};
				};
			};
			buildConfigurationList = 9DF42AC31EC6D3480089A650 /* Build configuration list for PBXProject "PickTickVts02" */;
			compatibilityVersion = "Xcode 3.2";
			developmentRegion = English;
			hasScannedForEncodings = 0;
			knownRegions = (
				en,
				Base,
			);
			mainGroup = 9DF42ABF1EC6D3480089A650;
			productRefGroup = 9DF42AC91EC6D3480089A650 /* Products */;
			projectDirPath = "";
			projectRoot = "";
			targets = (
				9DF42AC71EC6D3480089A650 /* PickTickVts02 */,
				9DF42ADB1EC6D3480089A650 /* PickTickVts02Tests */,
			);
		};
/* End PBXProject section */

/* Begin PBXResourcesBuildPhase section */
		9DF42AC61EC6D3480089A650 /* Resources */ = {
			isa = PBXResourcesBuildPhase;
			buildActionMask = 2147483647;
			files = (
				9DF42AD61EC6D3480089A650 /* LaunchScreen.storyboard in Resources */,
				9DF42AD31EC6D3480089A650 /* Assets.xcassets in Resources */,
				9DF42AD11EC6D3480089A650 /* Main.storyboard in Resources */,
			);
			runOnlyForDeploymentPostprocessing = 0;
		};
		9DF42ADA1EC6D3480089A650 /* Resources */ = {
			isa = PBXResourcesBuildPhase;
			buildActionMask = 2147483647;
			files = (
			);
			runOnlyForDeploymentPostprocessing = 0;
		};
/* End PBXResourcesBuildPhase section */

/* Begin PBXSourcesBuildPhase section */
		9DF42AC41EC6D3480089A650 /* Sources */ = {
			isa = PBXSourcesBuildPhase;
			buildActionMask = 2147483647;
			files = (
				9DF42ACE1EC6D3480089A650 /* ViewController.swift in Sources */,
				9DF42ACC1EC6D3480089A650 /* AppDelegate.swift in Sources */,
			);
			runOnlyForDeploymentPostprocessing = 0;
		};
		9DF42AD81EC6D3480089A650 /* Sources */ = {
			isa = PBXSourcesBuildPhase;
			buildActionMask = 2147483647;
			files = (
				9DF42AE11EC6D3480089A650 /* PickTickVts02Tests.swift in Sources */,
			);
			runOnlyForDeploymentPostprocessing = 0;
		};
/* End PBXSourcesBuildPhase section */

/* Begin PBXTargetDependency section */
		9DF42ADE1EC6D3480089A650 /* PBXTargetDependency */ = {
			isa = PBXTargetDependency;
			target = 9DF42AC71EC6D3480089A650 /* PickTickVts02 */;
			targetProxy = 9DF42ADD1EC6D3480089A650 /* PBXContainerItemProxy */;
		};
/* End PBXTargetDependency section */

/* Begin PBXVariantGroup section */
		9DF42ACF1EC6D3480089A650 /* Main.storyboard */ = {
			isa = PBXVariantGroup;
			children = (
				9DF42AD01EC6D3480089A650 /* Base */,
			);
			name = Main.storyboard;
			sourceTree = "<group>";
		};
		9DF42AD41EC6D3480089A650 /* LaunchScreen.storyboard */ = {
			isa = PBXVariantGroup;
			children = (
				9DF42AD51EC6D3480089A650 /* Base */,
			);
			name = LaunchScreen.storyboard;
			sourceTree = "<group>";
		};
/* End PBXVariantGroup section */

/* Begin XCBuildConfiguration section */
		9DF42AE31EC6D3480089A650 /* Debug */ = {
			isa = XCBuildConfiguration;
			buildSettings = {
				ALWAYS_SEARCH_USER_PATHS = NO;
				CLANG_ANALYZER_NONNULL = YES;
				CLANG_ANALYZER_NUMBER_OBJECT_CONVERSION = YES_AGGRESSIVE;
				CLANG_CXX_LANGUAGE_STANDARD = "gnu++0x";
				CLANG_CXX_LIBRARY = "libc++";
				CLANG_ENABLE_MODULES = YES;
				CLANG_ENABLE_OBJC_ARC = YES;
				CLANG_WARN_BOOL_CONVERSION = YES;
				CLANG_WARN_CONSTANT_CONVERSION = YES;
				CLANG_WARN_DIRECT_OBJC_ISA_USAGE = YES_ERROR;
				CLANG_WARN_DOCUMENTATION_COMMENTS = YES;
				CLANG_WARN_EMPTY_BODY = YES;
				CLANG_WARN_ENUM_CONVERSION = YES;
				CLANG_WARN_INFINITE_RECURSION = YES;
				CLANG_WARN_INT_CONVERSION = YES;
				CLANG_WARN_OBJC_ROOT_CLASS = YES_ERROR;
				CLANG_WARN_SUSPICIOUS_MOVE = YES;
				CLANG_WARN_UNREACHABLE_CODE = YES;
				CLANG_WARN__DUPLICATE_METHOD_MATCH = YES;
				"CODE_SIGN_IDENTITY[sdk=iphoneos*]" = "iPhone Developer";
				COPY_PHASE_STRIP = NO;
				DEBUG_INFORMATION_FORMAT = dwarf;
				ENABLE_STRICT_OBJC_MSGSEND = YES;
				ENABLE_TESTABILITY = YES;
				GCC_C_LANGUAGE_STANDARD = gnu99;
				GCC_DYNAMIC_NO_PIC = NO;
				GCC_NO_COMMON_BLOCKS = YES;
				GCC_OPTIMIZATION_LEVEL = 0;
				GCC_PREPROCESSOR_DEFINITIONS = (
					"DEBUG=1",
					"$(inherited)",
				);
				GCC_WARN_64_TO_32_BIT_CONVERSION = YES;
				GCC_WARN_ABOUT_RETURN_TYPE = YES_ERROR;
				GCC_WARN_UNDECLARED_SELECTOR = YES;
				GCC_WARN_UNINITIALIZED_AUTOS = YES_AGGRESSIVE;
				GCC_WARN_UNUSED_FUNCTION = YES;
				GCC_WARN_UNUSED_VARIABLE = YES;
				IPHONEOS_DEPLOYMENT_TARGET = 10.3;
				MTL_ENABLE_DEBUG_INFO = YES;
				ONLY_ACTIVE_ARCH = YES;
				SDKROOT = iphoneos;
				SWIFT_ACTIVE_COMPILATION_CONDITIONS = DEBUG;
				SWIFT_OPTIMIZATION_LEVEL = "-Onone";
				TARGETED_DEVICE_FAMILY = "1,2";
			};
			name = Debug;
		};
		9DF42AE41EC6D3480089A650 /* Release */ = {
			isa = XCBuildConfiguration;
			buildSettings = {
				ALWAYS_SEARCH_USER_PATHS = NO;
				CLANG_ANALYZER_NONNULL = YES;
				CLANG_ANALYZER_NUMBER_OBJECT_CONVERSION = YES_AGGRESSIVE;
				CLANG_CXX_LANGUAGE_STANDARD = "gnu++0x";
				CLANG_CXX_LIBRARY = "libc++";
				CLANG_ENABLE_MODULES = YES;
				CLANG_ENABLE_OBJC_ARC = YES;
				CLANG_WARN_BOOL_CONVERSION = YES;
				CLANG_WARN_CONSTANT_CONVERSION = YES;
				CLANG_WARN_DIRECT_OBJC_ISA_USAGE = YES_ERROR;
				CLANG_WARN_DOCUMENTATION_COMMENTS = YES;
				CLANG_WARN_EMPTY_BODY = YES;
				CLANG_WARN_ENUM_CONVERSION = YES;
				CLANG_WARN_INFINITE_RECURSION = YES;
				CLANG_WARN_INT_CONVERSION = YES;
				CLANG_WARN_OBJC_ROOT_CLASS = YES_ERROR;
				CLANG_WARN_SUSPICIOUS_MOVE = YES;
				CLANG_WARN_UNREACHABLE_CODE = YES;
				CLANG_WARN__DUPLICATE_METHOD_MATCH = YES;
				"CODE_SIGN_IDENTITY[sdk=iphoneos*]" = "iPhone Developer";
				COPY_PHASE_STRIP = NO;
				DEBUG_INFORMATION_FORMAT = "dwarf-with-dsym";
				ENABLE_NS_ASSERTIONS = NO;
				ENABLE_STRICT_OBJC_MSGSEND = YES;
				GCC_C_LANGUAGE_STANDARD = gnu99;
				GCC_NO_COMMON_BLOCKS = YES;
				GCC_WARN_64_TO_32_BIT_CONVERSION = YES;
				GCC_WARN_ABOUT_RETURN_TYPE = YES_ERROR;
				GCC_WARN_UNDECLARED_SELECTOR = YES;
				GCC_WARN_UNINITIALIZED_AUTOS = YES_AGGRESSIVE;
				GCC_WARN_UNUSED_FUNCTION = YES;
				GCC_WARN_UNUSED_VARIABLE = YES;
				IPHONEOS_DEPLOYMENT_TARGET = 10.3;
				MTL_ENABLE_DEBUG_INFO = NO;
				SDKROOT = iphoneos;
				SWIFT_OPTIMIZATION_LEVEL = "-Owholemodule";
				TARGETED_DEVICE_FAMILY = "1,2";
				VALIDATE_PRODUCT = YES;
			};
			name = Release;
		};
		9DF42AE61EC6D3480089A650 /* Debug */ = {
			isa = XCBuildConfiguration;
			buildSettings = {
				ASSETCATALOG_COMPILER_APPICON_NAME = AppIcon;
				INFOPLIST_FILE = PickTickVts02/Info.plist;
				LD_RUNPATH_SEARCH_PATHS = "$(inherited) @executable_path/Frameworks";
				PRODUCT_BUNDLE_IDENTIFIER = com.example.PickTickVts02;
				PRODUCT_NAME = "$(TARGET_NAME)";
				SWIFT_VERSION = 3.0;
			};
			name = Debug;
		};
		9DF42AE71EC6D3480089A650 /* Release */ = {
			isa = XCBuildConfiguration;
			buildSettings = {
				ASSETCATALOG_COMPILER_APPICON_NAME = AppIcon;
				INFOPLIST_FILE = PickTickVts02/Info.plist;
				LD_RUNPATH_SEARCH_PATHS = "$(inherited) @executable_path/Frameworks";
				PRODUCT_BUNDLE_IDENTIFIER = com.example.PickTickVts02;
				PRODUCT_NAME = "$(TARGET_NAME)";
				SWIFT_VERSION = 3.0;
			};
			name = Release;
		};
		9DF42AE91EC6D3480089A650 /* Debug */ = {
			isa = XCBuildConfiguration;
			buildSettings = {
				ALWAYS_EMBED_SWIFT_STANDARD_LIBRARIES = YES;
				BUNDLE_LOADER = "$(TEST_HOST)";
				INFOPLIST_FILE = PickTickVts02Tests/Info.plist;
				LD_RUNPATH_SEARCH_PATHS = "$(inherited) @executable_path/Frameworks @loader_path/Frameworks";
				PRODUCT_BUNDLE_IDENTIFIER = com.example.PickTickVts02Tests;
				PRODUCT_NAME = "$(TARGET_NAME)";
				SWIFT_VERSION = 3.0;
				TEST_HOST = "$(BUILT_PRODUCTS_DIR)/PickTickVts02.app/PickTickVts02";
			};
			name = Debug;
		};
		9DF42AEA1EC6D3480089A650 /* Release */ = {
			isa = XCBuildConfiguration;
			buildSettings = {
				ALWAYS_EMBED_SWIFT_STANDARD_LIBRARIES = YES;
				BUNDLE_LOADER = "$(TEST_HOST)";
				INFOPLIST_FILE = PickTickVts02Tests/Info.plist;
				LD_RUNPATH_SEARCH_PATHS = "$(inherited) @executable_path/Frameworks @loader_path/Frameworks";
				PRODUCT_BUNDLE_IDENTIFIER = com.example.PickTickVts02Tests;
				PRODUCT_NAME = "$(TARGET_NAME)";
				SWIFT_VERSION = 3.0;
				TEST_HOST = "$(BUILT_PRODUCTS_DIR)/PickTickVts02.app/PickTickVts02";
			};
			name = Release;
		};
/* End XCBuildConfiguration section */

/* Begin XCConfigurationList section */
		9DF42AC31EC6D3480089A650 /* Build configuration list for PBXProject "PickTickVts02" */ = {
			isa = XCConfigurationList;
			buildConfigurations = (
				9DF42AE31EC6D3480089A650 /* Debug */,
				9DF42AE41EC6D3480089A650 /* Release */,
			);
			defaultConfigurationIsVisible = 0;
			defaultConfigurationName = Release;
		};
		9DF42AE51EC6D3480089A650 /* Build configuration list for PBXNativeTarget "PickTickVts02" */ = {
			isa = XCConfigurationList;
			buildConfigurations = (
				9DF42AE61EC6D3480089A650 /* Debug */,
				9DF42AE71EC6D3480089A650 /* Release */,
			);
			defaultConfigurationIsVisible = 0;
		};
		9DF42AE81EC6D3480089A650 /* Build configuration list for PBXNativeTarget "PickTickVts02Tests" */ = {
			isa = XCConfigurationList;
			buildConfigurations = (
				9DF42AE91EC6D3480089A650 /* Debug */,
				9DF42AEA1EC6D3480089A650 /* Release */,
			);
			defaultConfigurationIsVisible = 0;
		};
/* End XCConfigurationList section */
	};
	rootObject = 9DF42AC01EC6D3480089A650 /* Project object */;
}
